
Microsoft Visual Studio Solution File, Format Version 12.00
# Visual Studio Version 17
VisualStudioVersion = 17.1.32228.430
MinimumVisualStudioVersion = 10.0.40219.1
Project("{2150E333-8FDC-42A3-9474-1A3956D46DE8}") = "01 - Testes de Unidade", "01 - Testes de Unidade", "{E90C8515-3D70-4795-954E-F3987B2A16AA}"
EndProject
Project("{2150E333-8FDC-42A3-9474-1A3956D46DE8}") = "1.1 - Testes Basicos", "1.1 - Testes Basicos", "{AA03D7F3-AFA0-4711-88F4-B2EB9FE1DA3D}"
EndProject
Project("{9A19103F-16F7-4668-BE54-9A1E7A4F7556}") = "Demo", "01 - Testes de Unidade\Demo\Demo.csproj", "{29EBFAC6-8652-41FF-9BBA-D170F835876F}"
EndProject
Project("{9A19103F-16F7-4668-BE54-9A1E7A4F7556}") = "Demo.Tests", "01 - Testes de Unidade\Demo.Tests\Demo.Tests\Demo.Tests.csproj", "{43395734-AE16-41C8-999E-E4AC205C5BE6}"
EndProject
Project("{2150E333-8FDC-42A3-9474-1A3956D46DE8}") = "2.2 - Features", "2.2 - Features", "{389B89F7-2D1C-4A33-AB6C-AE863B4DD766}"
EndProject
Project("{9A19103F-16F7-4668-BE54-9A1E7A4F7556}") = "Features", "01 - Testes de Unidade\Features\Features.csproj", "{821B9A64-5A31-49DA-A128-1CF10BCEF1FC}"
EndProject
Project("{9A19103F-16F7-4668-BE54-9A1E7A4F7556}") = "Features.Test", "01 - Testes de Unidade\Features.Test\Features.Test.csproj", "{2E02A72E-F2B0-4E50-BB15-676FD040F876}"
EndProject
Project("{2150E333-8FDC-42A3-9474-1A3956D46DE8}") = "TDD", "TDD", "{876A8F93-AA23-4A69-B9B0-0A779396A667}"
EndProject
Project("{2150E333-8FDC-42A3-9474-1A3956D46DE8}") = "Tests", "Tests", "{535DF784-F4D0-4E12-8BA4-80DFBF109405}"
EndProject
Project("{FAE04EC0-301F-11D3-BF4B-00C04F79EFBC}") = "NerdStore.Core", "TDD\NerdStore.Core\NerdStore.Core.csproj", "{474E0A61-345D-4DB9-9362-67695C8B0C37}"
EndProject
Project("{FAE04EC0-301F-11D3-BF4B-00C04F79EFBC}") = "NerdStore.Vendas.Application", "TDD\NerdStore.Application\NerdStore.Vendas.Application.csproj", "{B39BECDD-E2C2-41F9-AB8F-7270D9FDB687}"
EndProject
Project("{FAE04EC0-301F-11D3-BF4B-00C04F79EFBC}") = "NerdStore.Vendas.Data", "TDD\NerdStore.Vendas.Data\NerdStore.Vendas.Data.csproj", "{CCFE466D-4EC3-4D20-A959-9CA7F571A007}"
EndProject
Project("{FAE04EC0-301F-11D3-BF4B-00C04F79EFBC}") = "NerdStore.Vendas.Domain", "TDD\NerdStore.Vendas.Domain\NerdStore.Vendas.Domain.csproj", "{6418411F-B84F-4363-9878-1B051D55CC94}"
EndProject
Project("{FAE04EC0-301F-11D3-BF4B-00C04F79EFBC}") = "NerdStore.Vendas.Application.Tests", "TDD\Tests\NerdStore.Vendas.Application.Tests\NerdStore.Vendas.Application.Tests.csproj", "{0A9CDBD9-FD62-4F28-887D-DDF4380BB5CF}"
EndProject
Project("{FAE04EC0-301F-11D3-BF4B-00C04F79EFBC}") = "NerdStore.Vendas.Domain.Tests", "TDD\Tests\NerdStore.Vendas.Domain.Tests\NerdStore.Vendas.Domain.Tests.csproj", "{C3094A0E-B879-44FF-8010-D672909D5C6C}"
EndProject
Global
	GlobalSection(SolutionConfigurationPlatforms) = preSolution
		Debug|Any CPU = Debug|Any CPU
		Release|Any CPU = Release|Any CPU
	EndGlobalSection
	GlobalSection(ProjectConfigurationPlatforms) = postSolution
		{29EBFAC6-8652-41FF-9BBA-D170F835876F}.Debug|Any CPU.ActiveCfg = Debug|Any CPU
		{29EBFAC6-8652-41FF-9BBA-D170F835876F}.Debug|Any CPU.Build.0 = Debug|Any CPU
		{29EBFAC6-8652-41FF-9BBA-D170F835876F}.Release|Any CPU.ActiveCfg = Release|Any CPU
		{29EBFAC6-8652-41FF-9BBA-D170F835876F}.Release|Any CPU.Build.0 = Release|Any CPU
		{43395734-AE16-41C8-999E-E4AC205C5BE6}.Debug|Any CPU.ActiveCfg = Debug|Any CPU
		{43395734-AE16-41C8-999E-E4AC205C5BE6}.Debug|Any CPU.Build.0 = Debug|Any CPU
		{43395734-AE16-41C8-999E-E4AC205C5BE6}.Release|Any CPU.ActiveCfg = Release|Any CPU
		{43395734-AE16-41C8-999E-E4AC205C5BE6}.Release|Any CPU.Build.0 = Release|Any CPU
		{821B9A64-5A31-49DA-A128-1CF10BCEF1FC}.Debug|Any CPU.ActiveCfg = Debug|Any CPU
		{821B9A64-5A31-49DA-A128-1CF10BCEF1FC}.Debug|Any CPU.Build.0 = Debug|Any CPU
		{821B9A64-5A31-49DA-A128-1CF10BCEF1FC}.Release|Any CPU.ActiveCfg = Release|Any CPU
		{821B9A64-5A31-49DA-A128-1CF10BCEF1FC}.Release|Any CPU.Build.0 = Release|Any CPU
		{2E02A72E-F2B0-4E50-BB15-676FD040F876}.Debug|Any CPU.ActiveCfg = Debug|Any CPU
		{2E02A72E-F2B0-4E50-BB15-676FD040F876}.Debug|Any CPU.Build.0 = Debug|Any CPU
		{2E02A72E-F2B0-4E50-BB15-676FD040F876}.Release|Any CPU.ActiveCfg = Release|Any CPU
		{2E02A72E-F2B0-4E50-BB15-676FD040F876}.Release|Any CPU.Build.0 = Release|Any CPU
		{474E0A61-345D-4DB9-9362-67695C8B0C37}.Debug|Any CPU.ActiveCfg = Debug|Any CPU
		{474E0A61-345D-4DB9-9362-67695C8B0C37}.Debug|Any CPU.Build.0 = Debug|Any CPU
		{474E0A61-345D-4DB9-9362-67695C8B0C37}.Release|Any CPU.ActiveCfg = Release|Any CPU
		{474E0A61-345D-4DB9-9362-67695C8B0C37}.Release|Any CPU.Build.0 = Release|Any CPU
		{B39BECDD-E2C2-41F9-AB8F-7270D9FDB687}.Debug|Any CPU.ActiveCfg = Debug|Any CPU
		{B39BECDD-E2C2-41F9-AB8F-7270D9FDB687}.Debug|Any CPU.Build.0 = Debug|Any CPU
		{B39BECDD-E2C2-41F9-AB8F-7270D9FDB687}.Release|Any CPU.ActiveCfg = Release|Any CPU
		{B39BECDD-E2C2-41F9-AB8F-7270D9FDB687}.Release|Any CPU.Build.0 = Release|Any CPU
		{CCFE466D-4EC3-4D20-A959-9CA7F571A007}.Debug|Any CPU.ActiveCfg = Debug|Any CPU
		{CCFE466D-4EC3-4D20-A959-9CA7F571A007}.Debug|Any CPU.Build.0 = Debug|Any CPU
		{CCFE466D-4EC3-4D20-A959-9CA7F571A007}.Release|Any CPU.ActiveCfg = Release|Any CPU
		{CCFE466D-4EC3-4D20-A959-9CA7F571A007}.Release|Any CPU.Build.0 = Release|Any CPU
		{6418411F-B84F-4363-9878-1B051D55CC94}.Debug|Any CPU.ActiveCfg = Debug|Any CPU
		{6418411F-B84F-4363-9878-1B051D55CC94}.Debug|Any CPU.Build.0 = Debug|Any CPU
		{6418411F-B84F-4363-9878-1B051D55CC94}.Release|Any CPU.ActiveCfg = Release|Any CPU
		{6418411F-B84F-4363-9878-1B051D55CC94}.Release|Any CPU.Build.0 = Release|Any CPU
		{0A9CDBD9-FD62-4F28-887D-DDF4380BB5CF}.Debug|Any CPU.ActiveCfg = Debug|Any CPU
		{0A9CDBD9-FD62-4F28-887D-DDF4380BB5CF}.Debug|Any CPU.Build.0 = Debug|Any CPU
		{0A9CDBD9-FD62-4F28-887D-DDF4380BB5CF}.Release|Any CPU.ActiveCfg = Release|Any CPU
		{0A9CDBD9-FD62-4F28-887D-DDF4380BB5CF}.Release|Any CPU.Build.0 = Release|Any CPU
		{C3094A0E-B879-44FF-8010-D672909D5C6C}.Debug|Any CPU.ActiveCfg = Debug|Any CPU
		{C3094A0E-B879-44FF-8010-D672909D5C6C}.Debug|Any CPU.Build.0 = Debug|Any CPU
		{C3094A0E-B879-44FF-8010-D672909D5C6C}.Release|Any CPU.ActiveCfg = Release|Any CPU
		{C3094A0E-B879-44FF-8010-D672909D5C6C}.Release|Any CPU.Build.0 = Release|Any CPU
	EndGlobalSection
	GlobalSection(SolutionProperties) = preSolution
		HideSolutionNode = FALSE
	EndGlobalSection
	GlobalSection(NestedProjects) = preSolution
		{AA03D7F3-AFA0-4711-88F4-B2EB9FE1DA3D} = {E90C8515-3D70-4795-954E-F3987B2A16AA}
		{29EBFAC6-8652-41FF-9BBA-D170F835876F} = {AA03D7F3-AFA0-4711-88F4-B2EB9FE1DA3D}
		{43395734-AE16-41C8-999E-E4AC205C5BE6} = {AA03D7F3-AFA0-4711-88F4-B2EB9FE1DA3D}
		{389B89F7-2D1C-4A33-AB6C-AE863B4DD766} = {E90C8515-3D70-4795-954E-F3987B2A16AA}
		{821B9A64-5A31-49DA-A128-1CF10BCEF1FC} = {389B89F7-2D1C-4A33-AB6C-AE863B4DD766}
		{2E02A72E-F2B0-4E50-BB15-676FD040F876} = {389B89F7-2D1C-4A33-AB6C-AE863B4DD766}
		{535DF784-F4D0-4E12-8BA4-80DFBF109405} = {876A8F93-AA23-4A69-B9B0-0A779396A667}
		{474E0A61-345D-4DB9-9362-67695C8B0C37} = {876A8F93-AA23-4A69-B9B0-0A779396A667}
		{B39BECDD-E2C2-41F9-AB8F-7270D9FDB687} = {876A8F93-AA23-4A69-B9B0-0A779396A667}
		{CCFE466D-4EC3-4D20-A959-9CA7F571A007} = {876A8F93-AA23-4A69-B9B0-0A779396A667}
		{6418411F-B84F-4363-9878-1B051D55CC94} = {876A8F93-AA23-4A69-B9B0-0A779396A667}
		{0A9CDBD9-FD62-4F28-887D-DDF4380BB5CF} = {535DF784-F4D0-4E12-8BA4-80DFBF109405}
		{C3094A0E-B879-44FF-8010-D672909D5C6C} = {535DF784-F4D0-4E12-8BA4-80DFBF109405}
	EndGlobalSection
	GlobalSection(ExtensibilityGlobals) = postSolution
		SolutionGuid = {C8B09A47-9825-48A9-A053-0D18E70395D2}
	EndGlobalSection
EndGlobal
